// !$*UTF8*$!
{
	archiveVersion = 1;
	classes = {
	};
	objectVersion = 48;
	objects = {

/* Begin PBXBuildFile section */
		2861FF069C4867469345651F /* Pods_SingaporeWeatherApp.framework in Frameworks */ = {isa = PBXBuildFile; fileRef = E0D1888475B480B52565BADE /* Pods_SingaporeWeatherApp.framework */; };
		2916D8FBCC5471ECD1C2175A /* Pods_SingaporeWeatherAppUITests.framework in Frameworks */ = {isa = PBXBuildFile; fileRef = 058CF672C554107CE3C251E4 /* Pods_SingaporeWeatherAppUITests.framework */; };
		31770401A7FDEF0A15BF5E13 /* Pods_SingaporeWeatherAppTests.framework in Frameworks */ = {isa = PBXBuildFile; fileRef = 1EC7F24E037CF207A69484A1 /* Pods_SingaporeWeatherAppTests.framework */; };
		430469F7208E2C1B0005E255 /* AppDelegate.swift in Sources */ = {isa = PBXBuildFile; fileRef = 430469F6208E2C1B0005E255 /* AppDelegate.swift */; };
		430469F9208E2C1B0005E255 /* ViewController.swift in Sources */ = {isa = PBXBuildFile; fileRef = 430469F8208E2C1B0005E255 /* ViewController.swift */; };
		430469FC208E2C1B0005E255 /* Main.storyboard in Resources */ = {isa = PBXBuildFile; fileRef = 430469FA208E2C1B0005E255 /* Main.storyboard */; };
		430469FE208E2C1B0005E255 /* Assets.xcassets in Resources */ = {isa = PBXBuildFile; fileRef = 430469FD208E2C1B0005E255 /* Assets.xcassets */; };
		43046A01208E2C1B0005E255 /* LaunchScreen.storyboard in Resources */ = {isa = PBXBuildFile; fileRef = 430469FF208E2C1B0005E255 /* LaunchScreen.storyboard */; };
		43046A0C208E2C1B0005E255 /* SingaporeWeatherAppTests.swift in Sources */ = {isa = PBXBuildFile; fileRef = 43046A0B208E2C1B0005E255 /* SingaporeWeatherAppTests.swift */; };
		43046A17208E2C1B0005E255 /* SingaporeWeatherAppUITests.swift in Sources */ = {isa = PBXBuildFile; fileRef = 43046A16208E2C1B0005E255 /* SingaporeWeatherAppUITests.swift */; };
		43046A35208E2E640005E255 /* Query.swift in Sources */ = {isa = PBXBuildFile; fileRef = 43046A27208E2E640005E255 /* Query.swift */; };
		43046A36208E2E640005E255 /* Forecast.swift in Sources */ = {isa = PBXBuildFile; fileRef = 43046A28208E2E640005E255 /* Forecast.swift */; };
		43046A37208E2E640005E255 /* Wind.swift in Sources */ = {isa = PBXBuildFile; fileRef = 43046A29208E2E640005E255 /* Wind.swift */; };
		43046A38208E2E640005E255 /* Units.swift in Sources */ = {isa = PBXBuildFile; fileRef = 43046A2A208E2E640005E255 /* Units.swift */; };
		43046A39208E2E640005E255 /* ResultsWeather.swift in Sources */ = {isa = PBXBuildFile; fileRef = 43046A2B208E2E640005E255 /* ResultsWeather.swift */; };
		43046A3A208E2E640005E255 /* Weather.swift in Sources */ = {isa = PBXBuildFile; fileRef = 43046A2C208E2E640005E255 /* Weather.swift */; };
		43046A3B208E2E640005E255 /* Condition.swift in Sources */ = {isa = PBXBuildFile; fileRef = 43046A2D208E2E640005E255 /* Condition.swift */; };
		43046A3C208E2E640005E255 /* Image.swift in Sources */ = {isa = PBXBuildFile; fileRef = 43046A2E208E2E640005E255 /* Image.swift */; };
		43046A3D208E2E640005E255 /* Atmosphere.swift in Sources */ = {isa = PBXBuildFile; fileRef = 43046A2F208E2E640005E255 /* Atmosphere.swift */; };
		43046A3E208E2E640005E255 /* Item.swift in Sources */ = {isa = PBXBuildFile; fileRef = 43046A30208E2E640005E255 /* Item.swift */; };
		43046A3F208E2E640005E255 /* Astronomy.swift in Sources */ = {isa = PBXBuildFile; fileRef = 43046A31208E2E640005E255 /* Astronomy.swift */; };
		43046A40208E2E640005E255 /* Channel.swift in Sources */ = {isa = PBXBuildFile; fileRef = 43046A32208E2E640005E255 /* Channel.swift */; };
		43046A41208E2E640005E255 /* Location.swift in Sources */ = {isa = PBXBuildFile; fileRef = 43046A33208E2E640005E255 /* Location.swift */; };
		43046A42208E2E640005E255 /* Guid.swift in Sources */ = {isa = PBXBuildFile; fileRef = 43046A34208E2E640005E255 /* Guid.swift */; };
		4337843B208E382800912911 /* Default-568h@2x.png in Resources */ = {isa = PBXBuildFile; fileRef = 4337843A208E382800912911 /* Default-568h@2x.png */; };
		4337843E208E384900912911 /* APIHelper.swift in Sources */ = {isa = PBXBuildFile; fileRef = 4337843D208E384900912911 /* APIHelper.swift */; };
		43378440208E390900912911 /* MDSUtilities.swift in Sources */ = {isa = PBXBuildFile; fileRef = 4337843F208E390900912911 /* MDSUtilities.swift */; };
		43378442208E395800912911 /* Constants.swift in Sources */ = {isa = PBXBuildFile; fileRef = 43378441208E395800912911 /* Constants.swift */; };
		43378445208E3CB900912911 /* WeatherCell.swift in Sources */ = {isa = PBXBuildFile; fileRef = 43378444208E3CB900912911 /* WeatherCell.swift */; };
		43378448208E3FE800912911 /* WeatherRealm.swift in Sources */ = {isa = PBXBuildFile; fileRef = 43378447208E3FE800912911 /* WeatherRealm.swift */; };
		4337844C208E46D200912911 /* RealmHelper.swift in Sources */ = {isa = PBXBuildFile; fileRef = 4337844B208E46D200912911 /* RealmHelper.swift */; };
		4337844F208E4E4900912911 /* WeatherHeaderTableView.xib in Resources */ = {isa = PBXBuildFile; fileRef = 4337844E208E4E4900912911 /* WeatherHeaderTableView.xib */; };
		43378451208E4F1700912911 /* WeatherHeaderTableView.swift in Sources */ = {isa = PBXBuildFile; fileRef = 43378450208E4F1700912911 /* WeatherHeaderTableView.swift */; };
/* End PBXBuildFile section */

/* Begin PBXContainerItemProxy section */
		43046A08208E2C1B0005E255 /* PBXContainerItemProxy */ = {
			isa = PBXContainerItemProxy;
			containerPortal = 430469EB208E2C1B0005E255 /* Project object */;
			proxyType = 1;
			remoteGlobalIDString = 430469F2208E2C1B0005E255;
			remoteInfo = SingaporeWeatherApp;
		};
		43046A13208E2C1B0005E255 /* PBXContainerItemProxy */ = {
			isa = PBXContainerItemProxy;
			containerPortal = 430469EB208E2C1B0005E255 /* Project object */;
			proxyType = 1;
			remoteGlobalIDString = 430469F2208E2C1B0005E255;
			remoteInfo = SingaporeWeatherApp;
		};
/* End PBXContainerItemProxy section */

/* Begin PBXFileReference section */
		055D74571BD9A3943F4DAD3F /* Pods-SingaporeWeatherAppUITests.release.xcconfig */ = {isa = PBXFileReference; includeInIndex = 1; lastKnownFileType = text.xcconfig; name = "Pods-SingaporeWeatherAppUITests.release.xcconfig"; path = "Pods/Target Support Files/Pods-SingaporeWeatherAppUITests/Pods-SingaporeWeatherAppUITests.release.xcconfig"; sourceTree = "<group>"; };
		058CF672C554107CE3C251E4 /* Pods_SingaporeWeatherAppUITests.framework */ = {isa = PBXFileReference; explicitFileType = wrapper.framework; includeInIndex = 0; path = Pods_SingaporeWeatherAppUITests.framework; sourceTree = BUILT_PRODUCTS_DIR; };
		1EC7F24E037CF207A69484A1 /* Pods_SingaporeWeatherAppTests.framework */ = {isa = PBXFileReference; explicitFileType = wrapper.framework; includeInIndex = 0; path = Pods_SingaporeWeatherAppTests.framework; sourceTree = BUILT_PRODUCTS_DIR; };
		430469F3208E2C1B0005E255 /* SingaporeWeatherApp.app */ = {isa = PBXFileReference; explicitFileType = wrapper.application; includeInIndex = 0; path = SingaporeWeatherApp.app; sourceTree = BUILT_PRODUCTS_DIR; };
		430469F6208E2C1B0005E255 /* AppDelegate.swift */ = {isa = PBXFileReference; lastKnownFileType = sourcecode.swift; path = AppDelegate.swift; sourceTree = "<group>"; };
		430469F8208E2C1B0005E255 /* ViewController.swift */ = {isa = PBXFileReference; lastKnownFileType = sourcecode.swift; path = ViewController.swift; sourceTree = "<group>"; };
		430469FB208E2C1B0005E255 /* Base */ = {isa = PBXFileReference; lastKnownFileType = file.storyboard; name = Base; path = Base.lproj/Main.storyboard; sourceTree = "<group>"; };
		430469FD208E2C1B0005E255 /* Assets.xcassets */ = {isa = PBXFileReference; lastKnownFileType = folder.assetcatalog; path = Assets.xcassets; sourceTree = "<group>"; };
		43046A00208E2C1B0005E255 /* Base */ = {isa = PBXFileReference; lastKnownFileType = file.storyboard; name = Base; path = Base.lproj/LaunchScreen.storyboard; sourceTree = "<group>"; };
		43046A02208E2C1B0005E255 /* Info.plist */ = {isa = PBXFileReference; lastKnownFileType = text.plist.xml; path = Info.plist; sourceTree = "<group>"; };
		43046A07208E2C1B0005E255 /* SingaporeWeatherAppTests.xctest */ = {isa = PBXFileReference; explicitFileType = wrapper.cfbundle; includeInIndex = 0; path = SingaporeWeatherAppTests.xctest; sourceTree = BUILT_PRODUCTS_DIR; };
		43046A0B208E2C1B0005E255 /* SingaporeWeatherAppTests.swift */ = {isa = PBXFileReference; lastKnownFileType = sourcecode.swift; path = SingaporeWeatherAppTests.swift; sourceTree = "<group>"; };
		43046A0D208E2C1B0005E255 /* Info.plist */ = {isa = PBXFileReference; lastKnownFileType = text.plist.xml; path = Info.plist; sourceTree = "<group>"; };
		43046A12208E2C1B0005E255 /* SingaporeWeatherAppUITests.xctest */ = {isa = PBXFileReference; explicitFileType = wrapper.cfbundle; includeInIndex = 0; path = SingaporeWeatherAppUITests.xctest; sourceTree = BUILT_PRODUCTS_DIR; };
		43046A16208E2C1B0005E255 /* SingaporeWeatherAppUITests.swift */ = {isa = PBXFileReference; lastKnownFileType = sourcecode.swift; path = SingaporeWeatherAppUITests.swift; sourceTree = "<group>"; };
		43046A18208E2C1B0005E255 /* Info.plist */ = {isa = PBXFileReference; lastKnownFileType = text.plist.xml; path = Info.plist; sourceTree = "<group>"; };
		43046A27208E2E640005E255 /* Query.swift */ = {isa = PBXFileReference; fileEncoding = 4; lastKnownFileType = sourcecode.swift; path = Query.swift; sourceTree = "<group>"; };
		43046A28208E2E640005E255 /* Forecast.swift */ = {isa = PBXFileReference; fileEncoding = 4; lastKnownFileType = sourcecode.swift; path = Forecast.swift; sourceTree = "<group>"; };
		43046A29208E2E640005E255 /* Wind.swift */ = {isa = PBXFileReference; fileEncoding = 4; lastKnownFileType = sourcecode.swift; path = Wind.swift; sourceTree = "<group>"; };
		43046A2A208E2E640005E255 /* Units.swift */ = {isa = PBXFileReference; fileEncoding = 4; lastKnownFileType = sourcecode.swift; path = Units.swift; sourceTree = "<group>"; };
		43046A2B208E2E640005E255 /* ResultsWeather.swift */ = {isa = PBXFileReference; fileEncoding = 4; lastKnownFileType = sourcecode.swift; path = ResultsWeather.swift; sourceTree = "<group>"; };
		43046A2C208E2E640005E255 /* Weather.swift */ = {isa = PBXFileReference; fileEncoding = 4; lastKnownFileType = sourcecode.swift; path = Weather.swift; sourceTree = "<group>"; };
		43046A2D208E2E640005E255 /* Condition.swift */ = {isa = PBXFileReference; fileEncoding = 4; lastKnownFileType = sourcecode.swift; path = Condition.swift; sourceTree = "<group>"; };
		43046A2E208E2E640005E255 /* Image.swift */ = {isa = PBXFileReference; fileEncoding = 4; lastKnownFileType = sourcecode.swift; path = Image.swift; sourceTree = "<group>"; };
		43046A2F208E2E640005E255 /* Atmosphere.swift */ = {isa = PBXFileReference; fileEncoding = 4; lastKnownFileType = sourcecode.swift; path = Atmosphere.swift; sourceTree = "<group>"; };
		43046A30208E2E640005E255 /* Item.swift */ = {isa = PBXFileReference; fileEncoding = 4; lastKnownFileType = sourcecode.swift; path = Item.swift; sourceTree = "<group>"; };
		43046A31208E2E640005E255 /* Astronomy.swift */ = {isa = PBXFileReference; fileEncoding = 4; lastKnownFileType = sourcecode.swift; path = Astronomy.swift; sourceTree = "<group>"; };
		43046A32208E2E640005E255 /* Channel.swift */ = {isa = PBXFileReference; fileEncoding = 4; lastKnownFileType = sourcecode.swift; path = Channel.swift; sourceTree = "<group>"; };
		43046A33208E2E640005E255 /* Location.swift */ = {isa = PBXFileReference; fileEncoding = 4; lastKnownFileType = sourcecode.swift; path = Location.swift; sourceTree = "<group>"; };
		43046A34208E2E640005E255 /* Guid.swift */ = {isa = PBXFileReference; fileEncoding = 4; lastKnownFileType = sourcecode.swift; path = Guid.swift; sourceTree = "<group>"; };
		4337843A208E382800912911 /* Default-568h@2x.png */ = {isa = PBXFileReference; lastKnownFileType = image.png; path = "Default-568h@2x.png"; sourceTree = "<group>"; };
		4337843D208E384900912911 /* APIHelper.swift */ = {isa = PBXFileReference; lastKnownFileType = sourcecode.swift; path = APIHelper.swift; sourceTree = "<group>"; };
		4337843F208E390900912911 /* MDSUtilities.swift */ = {isa = PBXFileReference; lastKnownFileType = sourcecode.swift; path = MDSUtilities.swift; sourceTree = "<group>"; };
		43378441208E395800912911 /* Constants.swift */ = {isa = PBXFileReference; lastKnownFileType = sourcecode.swift; path = Constants.swift; sourceTree = "<group>"; };
		43378444208E3CB900912911 /* WeatherCell.swift */ = {isa = PBXFileReference; lastKnownFileType = sourcecode.swift; path = WeatherCell.swift; sourceTree = "<group>"; };
		43378447208E3FE800912911 /* WeatherRealm.swift */ = {isa = PBXFileReference; lastKnownFileType = sourcecode.swift; path = WeatherRealm.swift; sourceTree = "<group>"; };
		4337844B208E46D200912911 /* RealmHelper.swift */ = {isa = PBXFileReference; lastKnownFileType = sourcecode.swift; path = RealmHelper.swift; sourceTree = "<group>"; };
		4337844E208E4E4900912911 /* WeatherHeaderTableView.xib */ = {isa = PBXFileReference; lastKnownFileType = file.xib; path = WeatherHeaderTableView.xib; sourceTree = "<group>"; };
		43378450208E4F1700912911 /* WeatherHeaderTableView.swift */ = {isa = PBXFileReference; lastKnownFileType = sourcecode.swift; path = WeatherHeaderTableView.swift; sourceTree = "<group>"; };
		A40380D51F3800477921CF4E /* Pods-SingaporeWeatherApp.release.xcconfig */ = {isa = PBXFileReference; includeInIndex = 1; lastKnownFileType = text.xcconfig; name = "Pods-SingaporeWeatherApp.release.xcconfig"; path = "Pods/Target Support Files/Pods-SingaporeWeatherApp/Pods-SingaporeWeatherApp.release.xcconfig"; sourceTree = "<group>"; };
		BEBB47A7502A95A65CFA02AA /* Pods-SingaporeWeatherApp.debug.xcconfig */ = {isa = PBXFileReference; includeInIndex = 1; lastKnownFileType = text.xcconfig; name = "Pods-SingaporeWeatherApp.debug.xcconfig"; path = "Pods/Target Support Files/Pods-SingaporeWeatherApp/Pods-SingaporeWeatherApp.debug.xcconfig"; sourceTree = "<group>"; };
		BFCB109B6710C13912CB489C /* Pods-SingaporeWeatherAppUITests.debug.xcconfig */ = {isa = PBXFileReference; includeInIndex = 1; lastKnownFileType = text.xcconfig; name = "Pods-SingaporeWeatherAppUITests.debug.xcconfig"; path = "Pods/Target Support Files/Pods-SingaporeWeatherAppUITests/Pods-SingaporeWeatherAppUITests.debug.xcconfig"; sourceTree = "<group>"; };
		CDFD788138E0C72694E7B4B8 /* Pods-SingaporeWeatherAppTests.release.xcconfig */ = {isa = PBXFileReference; includeInIndex = 1; lastKnownFileType = text.xcconfig; name = "Pods-SingaporeWeatherAppTests.release.xcconfig"; path = "Pods/Target Support Files/Pods-SingaporeWeatherAppTests/Pods-SingaporeWeatherAppTests.release.xcconfig"; sourceTree = "<group>"; };
		E0D1888475B480B52565BADE /* Pods_SingaporeWeatherApp.framework */ = {isa = PBXFileReference; explicitFileType = wrapper.framework; includeInIndex = 0; path = Pods_SingaporeWeatherApp.framework; sourceTree = BUILT_PRODUCTS_DIR; };
		E5F0A4BE428B8EC3C8DA224B /* Pods-SingaporeWeatherAppTests.debug.xcconfig */ = {isa = PBXFileReference; includeInIndex = 1; lastKnownFileType = text.xcconfig; name = "Pods-SingaporeWeatherAppTests.debug.xcconfig"; path = "Pods/Target Support Files/Pods-SingaporeWeatherAppTests/Pods-SingaporeWeatherAppTests.debug.xcconfig"; sourceTree = "<group>"; };
/* End PBXFileReference section */

/* Begin PBXFrameworksBuildPhase section */
		430469F0208E2C1B0005E255 /* Frameworks */ = {
			isa = PBXFrameworksBuildPhase;
			buildActionMask = 2147483647;
			files = (
				2861FF069C4867469345651F /* Pods_SingaporeWeatherApp.framework in Frameworks */,
			);
			runOnlyForDeploymentPostprocessing = 0;
		};
		43046A04208E2C1B0005E255 /* Frameworks */ = {
			isa = PBXFrameworksBuildPhase;
			buildActionMask = 2147483647;
			files = (
				31770401A7FDEF0A15BF5E13 /* Pods_SingaporeWeatherAppTests.framework in Frameworks */,
			);
			runOnlyForDeploymentPostprocessing = 0;
		};
		43046A0F208E2C1B0005E255 /* Frameworks */ = {
			isa = PBXFrameworksBuildPhase;
			buildActionMask = 2147483647;
			files = (
				2916D8FBCC5471ECD1C2175A /* Pods_SingaporeWeatherAppUITests.framework in Frameworks */,
			);
			runOnlyForDeploymentPostprocessing = 0;
		};
/* End PBXFrameworksBuildPhase section */

/* Begin PBXGroup section */
		430469EA208E2C1B0005E255 = {
			isa = PBXGroup;
			children = (
				4337843A208E382800912911 /* Default-568h@2x.png */,
				430469F5208E2C1B0005E255 /* SingaporeWeatherApp */,
				43046A0A208E2C1B0005E255 /* SingaporeWeatherAppTests */,
				43046A15208E2C1B0005E255 /* SingaporeWeatherAppUITests */,
				430469F4208E2C1B0005E255 /* Products */,
				565AD512A69FBD93076657B8 /* Pods */,
				A06F3C12584EEEF718ED442E /* Frameworks */,
			);
			sourceTree = "<group>";
		};
		430469F4208E2C1B0005E255 /* Products */ = {
			isa = PBXGroup;
			children = (
				430469F3208E2C1B0005E255 /* SingaporeWeatherApp.app */,
				43046A07208E2C1B0005E255 /* SingaporeWeatherAppTests.xctest */,
				43046A12208E2C1B0005E255 /* SingaporeWeatherAppUITests.xctest */,
			);
			name = Products;
			sourceTree = "<group>";
		};
		430469F5208E2C1B0005E255 /* SingaporeWeatherApp */ = {
			isa = PBXGroup;
			children = (
				4337843C208E383900912911 /* Helper */,
				43046A26208E2E030005E255 /* Models */,
				43046A25208E2DE90005E255 /* Storyboards */,
				4337844D208E4E1900912911 /* Views */,
				43378452208E5BDB00912911 /* Controllers */,
				43378443208E3CA400912911 /* Cells */,
				43046A24208E2DD70005E255 /* Misc */,
			);
			path = SingaporeWeatherApp;
			sourceTree = "<group>";
		};
		43046A0A208E2C1B0005E255 /* SingaporeWeatherAppTests */ = {
			isa = PBXGroup;
			children = (
				43046A0B208E2C1B0005E255 /* SingaporeWeatherAppTests.swift */,
				43046A0D208E2C1B0005E255 /* Info.plist */,
			);
			path = SingaporeWeatherAppTests;
			sourceTree = "<group>";
		};
		43046A15208E2C1B0005E255 /* SingaporeWeatherAppUITests */ = {
			isa = PBXGroup;
			children = (
				43046A16208E2C1B0005E255 /* SingaporeWeatherAppUITests.swift */,
				43046A18208E2C1B0005E255 /* Info.plist */,
			);
			path = SingaporeWeatherAppUITests;
			sourceTree = "<group>";
		};
		43046A24208E2DD70005E255 /* Misc */ = {
			isa = PBXGroup;
			children = (
				430469F6208E2C1B0005E255 /* AppDelegate.swift */,
				430469FD208E2C1B0005E255 /* Assets.xcassets */,
				43046A02208E2C1B0005E255 /* Info.plist */,
			);
			path = Misc;
			sourceTree = "<group>";
		};
		43046A25208E2DE90005E255 /* Storyboards */ = {
			isa = PBXGroup;
			children = (
				430469FA208E2C1B0005E255 /* Main.storyboard */,
				430469FF208E2C1B0005E255 /* LaunchScreen.storyboard */,
			);
			path = Storyboards;
			sourceTree = "<group>";
		};
		43046A26208E2E030005E255 /* Models */ = {
			isa = PBXGroup;
			children = (
				43378446208E3FCD00912911 /* Realms */,
				43046A31208E2E640005E255 /* Astronomy.swift */,
				43046A2F208E2E640005E255 /* Atmosphere.swift */,
				43046A32208E2E640005E255 /* Channel.swift */,
				43046A2D208E2E640005E255 /* Condition.swift */,
				43046A28208E2E640005E255 /* Forecast.swift */,
				43046A34208E2E640005E255 /* Guid.swift */,
				43046A2E208E2E640005E255 /* Image.swift */,
				43046A30208E2E640005E255 /* Item.swift */,
				43046A33208E2E640005E255 /* Location.swift */,
				43046A27208E2E640005E255 /* Query.swift */,
				43046A2B208E2E640005E255 /* ResultsWeather.swift */,
				43046A2A208E2E640005E255 /* Units.swift */,
				43046A2C208E2E640005E255 /* Weather.swift */,
				43046A29208E2E640005E255 /* Wind.swift */,
			);
			path = Models;
			sourceTree = "<group>";
		};
		4337843C208E383900912911 /* Helper */ = {
			isa = PBXGroup;
			children = (
				4337843D208E384900912911 /* APIHelper.swift */,
				4337843F208E390900912911 /* MDSUtilities.swift */,
				43378441208E395800912911 /* Constants.swift */,
				4337844B208E46D200912911 /* RealmHelper.swift */,
			);
			path = Helper;
			sourceTree = "<group>";
		};
		43378443208E3CA400912911 /* Cells */ = {
			isa = PBXGroup;
			children = (
				43378444208E3CB900912911 /* WeatherCell.swift */,
			);
			path = Cells;
			sourceTree = "<group>";
		};
		43378446208E3FCD00912911 /* Realms */ = {
			isa = PBXGroup;
			children = (
				43378447208E3FE800912911 /* WeatherRealm.swift */,
			);
			path = Realms;
			sourceTree = "<group>";
		};
		4337844D208E4E1900912911 /* Views */ = {
			isa = PBXGroup;
			children = (
				4337844E208E4E4900912911 /* WeatherHeaderTableView.xib */,
				43378450208E4F1700912911 /* WeatherHeaderTableView.swift */,
			);
			path = Views;
			sourceTree = "<group>";
		};
		43378452208E5BDB00912911 /* Controllers */ = {
			isa = PBXGroup;
			children = (
				430469F8208E2C1B0005E255 /* ViewController.swift */,
			);
			path = Controllers;
			sourceTree = "<group>";
		};
		565AD512A69FBD93076657B8 /* Pods */ = {
			isa = PBXGroup;
			children = (
				BEBB47A7502A95A65CFA02AA /* Pods-SingaporeWeatherApp.debug.xcconfig */,
				A40380D51F3800477921CF4E /* Pods-SingaporeWeatherApp.release.xcconfig */,
				E5F0A4BE428B8EC3C8DA224B /* Pods-SingaporeWeatherAppTests.debug.xcconfig */,
				CDFD788138E0C72694E7B4B8 /* Pods-SingaporeWeatherAppTests.release.xcconfig */,
				BFCB109B6710C13912CB489C /* Pods-SingaporeWeatherAppUITests.debug.xcconfig */,
				055D74571BD9A3943F4DAD3F /* Pods-SingaporeWeatherAppUITests.release.xcconfig */,
			);
			name = Pods;
			sourceTree = "<group>";
		};
		A06F3C12584EEEF718ED442E /* Frameworks */ = {
			isa = PBXGroup;
			children = (
				E0D1888475B480B52565BADE /* Pods_SingaporeWeatherApp.framework */,
				1EC7F24E037CF207A69484A1 /* Pods_SingaporeWeatherAppTests.framework */,
				058CF672C554107CE3C251E4 /* Pods_SingaporeWeatherAppUITests.framework */,
			);
			name = Frameworks;
			sourceTree = "<group>";
		};
/* End PBXGroup section */

/* Begin PBXNativeTarget section */
		430469F2208E2C1B0005E255 /* SingaporeWeatherApp */ = {
			isa = PBXNativeTarget;
			buildConfigurationList = 43046A1B208E2C1B0005E255 /* Build configuration list for PBXNativeTarget "SingaporeWeatherApp" */;
			buildPhases = (
				D489C27164886AF2073F9CAC /* [CP] Check Pods Manifest.lock */,
				430469EF208E2C1B0005E255 /* Sources */,
				430469F0208E2C1B0005E255 /* Frameworks */,
				430469F1208E2C1B0005E255 /* Resources */,
				6E64AA62005E96686EAE3A7F /* [CP] Embed Pods Frameworks */,
			);
			buildRules = (
			);
			dependencies = (
			);
			name = SingaporeWeatherApp;
			productName = SingaporeWeatherApp;
			productReference = 430469F3208E2C1B0005E255 /* SingaporeWeatherApp.app */;
			productType = "com.apple.product-type.application";
		};
		43046A06208E2C1B0005E255 /* SingaporeWeatherAppTests */ = {
			isa = PBXNativeTarget;
			buildConfigurationList = 43046A1E208E2C1B0005E255 /* Build configuration list for PBXNativeTarget "SingaporeWeatherAppTests" */;
			buildPhases = (
				FB8095B5F15EC47988517AEB /* [CP] Check Pods Manifest.lock */,
				43046A03208E2C1B0005E255 /* Sources */,
				43046A04208E2C1B0005E255 /* Frameworks */,
				43046A05208E2C1B0005E255 /* Resources */,
			);
			buildRules = (
			);
			dependencies = (
				43046A09208E2C1B0005E255 /* PBXTargetDependency */,
			);
			name = SingaporeWeatherAppTests;
			productName = SingaporeWeatherAppTests;
			productReference = 43046A07208E2C1B0005E255 /* SingaporeWeatherAppTests.xctest */;
			productType = "com.apple.product-type.bundle.unit-test";
		};
		43046A11208E2C1B0005E255 /* SingaporeWeatherAppUITests */ = {
			isa = PBXNativeTarget;
			buildConfigurationList = 43046A21208E2C1B0005E255 /* Build configuration list for PBXNativeTarget "SingaporeWeatherAppUITests" */;
			buildPhases = (
				FED7166415C03212ECBB48B0 /* [CP] Check Pods Manifest.lock */,
				43046A0E208E2C1B0005E255 /* Sources */,
				43046A0F208E2C1B0005E255 /* Frameworks */,
				43046A10208E2C1B0005E255 /* Resources */,
			);
			buildRules = (
			);
			dependencies = (
				43046A14208E2C1B0005E255 /* PBXTargetDependency */,
			);
			name = SingaporeWeatherAppUITests;
			productName = SingaporeWeatherAppUITests;
			productReference = 43046A12208E2C1B0005E255 /* SingaporeWeatherAppUITests.xctest */;
			productType = "com.apple.product-type.bundle.ui-testing";
		};
/* End PBXNativeTarget section */

/* Begin PBXProject section */
		430469EB208E2C1B0005E255 /* Project object */ = {
			isa = PBXProject;
			attributes = {
				LastSwiftUpdateCheck = 0910;
				LastUpgradeCheck = 0910;
				ORGANIZATIONNAME = "Mohammad Norhizami Bin Mohd Rashid";
				TargetAttributes = {
					430469F2208E2C1B0005E255 = {
						CreatedOnToolsVersion = 9.1;
						ProvisioningStyle = Automatic;
					};
					43046A06208E2C1B0005E255 = {
						CreatedOnToolsVersion = 9.1;
						ProvisioningStyle = Automatic;
						TestTargetID = 430469F2208E2C1B0005E255;
					};
					43046A11208E2C1B0005E255 = {
						CreatedOnToolsVersion = 9.1;
						ProvisioningStyle = Automatic;
						TestTargetID = 430469F2208E2C1B0005E255;
					};
				};
			};
			buildConfigurationList = 430469EE208E2C1B0005E255 /* Build configuration list for PBXProject "SingaporeWeatherApp" */;
			compatibilityVersion = "Xcode 8.0";
			developmentRegion = en;
			hasScannedForEncodings = 0;
			knownRegions = (
				en,
				Base,
			);
			mainGroup = 430469EA208E2C1B0005E255;
			productRefGroup = 430469F4208E2C1B0005E255 /* Products */;
			projectDirPath = "";
			projectRoot = "";
			targets = (
				430469F2208E2C1B0005E255 /* SingaporeWeatherApp */,
				43046A06208E2C1B0005E255 /* SingaporeWeatherAppTests */,
				43046A11208E2C1B0005E255 /* SingaporeWeatherAppUITests */,
			);
		};
/* End PBXProject section */

/* Begin PBXResourcesBuildPhase section */
		430469F1208E2C1B0005E255 /* Resources */ = {
			isa = PBXResourcesBuildPhase;
			buildActionMask = 2147483647;
			files = (
				43046A01208E2C1B0005E255 /* LaunchScreen.storyboard in Resources */,
				4337844F208E4E4900912911 /* WeatherHeaderTableView.xib in Resources */,
				4337843B208E382800912911 /* Default-568h@2x.png in Resources */,
				430469FE208E2C1B0005E255 /* Assets.xcassets in Resources */,
				430469FC208E2C1B0005E255 /* Main.storyboard in Resources */,
			);
			runOnlyForDeploymentPostprocessing = 0;
		};
		43046A05208E2C1B0005E255 /* Resources */ = {
			isa = PBXResourcesBuildPhase;
			buildActionMask = 2147483647;
			files = (
			);
			runOnlyForDeploymentPostprocessing = 0;
		};
		43046A10208E2C1B0005E255 /* Resources */ = {
			isa = PBXResourcesBuildPhase;
			buildActionMask = 2147483647;
			files = (
			);
			runOnlyForDeploymentPostprocessing = 0;
		};
/* End PBXResourcesBuildPhase section */

/* Begin PBXShellScriptBuildPhase section */
		6E64AA62005E96686EAE3A7F /* [CP] Embed Pods Frameworks */ = {
			isa = PBXShellScriptBuildPhase;
			buildActionMask = 2147483647;
			files = (
			);
			inputPaths = (
				"${SRCROOT}/Pods/Target Support Files/Pods-SingaporeWeatherApp/Pods-SingaporeWeatherApp-frameworks.sh",
				"${BUILT_PRODUCTS_DIR}/Alamofire/Alamofire.framework",
				"${BUILT_PRODUCTS_DIR}/NVActivityIndicatorView/NVActivityIndicatorView.framework",
				"${BUILT_PRODUCTS_DIR}/Realm/Realm.framework",
				"${BUILT_PRODUCTS_DIR}/RealmSwift/RealmSwift.framework",
			);
			name = "[CP] Embed Pods Frameworks";
			outputPaths = (
				"${TARGET_BUILD_DIR}/${FRAMEWORKS_FOLDER_PATH}/Alamofire.framework",
				"${TARGET_BUILD_DIR}/${FRAMEWORKS_FOLDER_PATH}/NVActivityIndicatorView.framework",
				"${TARGET_BUILD_DIR}/${FRAMEWORKS_FOLDER_PATH}/Realm.framework",
				"${TARGET_BUILD_DIR}/${FRAMEWORKS_FOLDER_PATH}/RealmSwift.framework",
			);
			runOnlyForDeploymentPostprocessing = 0;
			shellPath = /bin/sh;
			shellScript = "\"${SRCROOT}/Pods/Target Support Files/Pods-SingaporeWeatherApp/Pods-SingaporeWeatherApp-frameworks.sh\"\n";
			showEnvVarsInLog = 0;
		};
		D489C27164886AF2073F9CAC /* [CP] Check Pods Manifest.lock */ = {
			isa = PBXShellScriptBuildPhase;
			buildActionMask = 2147483647;
			files = (
			);
			inputPaths = (
				"${PODS_PODFILE_DIR_PATH}/Podfile.lock",
				"${PODS_ROOT}/Manifest.lock",
			);
			name = "[CP] Check Pods Manifest.lock";
			outputPaths = (
				"$(DERIVED_FILE_DIR)/Pods-SingaporeWeatherApp-checkManifestLockResult.txt",
			);
			runOnlyForDeploymentPostprocessing = 0;
			shellPath = /bin/sh;
			shellScript = "diff \"${PODS_PODFILE_DIR_PATH}/Podfile.lock\" \"${PODS_ROOT}/Manifest.lock\" > /dev/null\nif [ $? != 0 ] ; then\n    # print error to STDERR\n    echo \"error: The sandbox is not in sync with the Podfile.lock. Run 'pod install' or update your CocoaPods installation.\" >&2\n    exit 1\nfi\n# This output is used by Xcode 'outputs' to avoid re-running this script phase.\necho \"SUCCESS\" > \"${SCRIPT_OUTPUT_FILE_0}\"\n";
			showEnvVarsInLog = 0;
		};
		FB8095B5F15EC47988517AEB /* [CP] Check Pods Manifest.lock */ = {
			isa = PBXShellScriptBuildPhase;
			buildActionMask = 2147483647;
			files = (
			);
			inputPaths = (
				"${PODS_PODFILE_DIR_PATH}/Podfile.lock",
				"${PODS_ROOT}/Manifest.lock",
			);
			name = "[CP] Check Pods Manifest.lock";
			outputPaths = (
				"$(DERIVED_FILE_DIR)/Pods-SingaporeWeatherAppTests-checkManifestLockResult.txt",
			);
			runOnlyForDeploymentPostprocessing = 0;
			shellPath = /bin/sh;
			shellScript = "diff \"${PODS_PODFILE_DIR_PATH}/Podfile.lock\" \"${PODS_ROOT}/Manifest.lock\" > /dev/null\nif [ $? != 0 ] ; then\n    # print error to STDERR\n    echo \"error: The sandbox is not in sync with the Podfile.lock. Run 'pod install' or update your CocoaPods installation.\" >&2\n    exit 1\nfi\n# This output is used by Xcode 'outputs' to avoid re-running this script phase.\necho \"SUCCESS\" > \"${SCRIPT_OUTPUT_FILE_0}\"\n";
			showEnvVarsInLog = 0;
		};
		FED7166415C03212ECBB48B0 /* [CP] Check Pods Manifest.lock */ = {
			isa = PBXShellScriptBuildPhase;
			buildActionMask = 2147483647;
			files = (
			);
			inputPaths = (
				"${PODS_PODFILE_DIR_PATH}/Podfile.lock",
				"${PODS_ROOT}/Manifest.lock",
			);
			name = "[CP] Check Pods Manifest.lock";
			outputPaths = (
				"$(DERIVED_FILE_DIR)/Pods-SingaporeWeatherAppUITests-checkManifestLockResult.txt",
			);
			runOnlyForDeploymentPostprocessing = 0;
			shellPath = /bin/sh;
			shellScript = "diff \"${PODS_PODFILE_DIR_PATH}/Podfile.lock\" \"${PODS_ROOT}/Manifest.lock\" > /dev/null\nif [ $? != 0 ] ; then\n    # print error to STDERR\n    echo \"error: The sandbox is not in sync with the Podfile.lock. Run 'pod install' or update your CocoaPods installation.\" >&2\n    exit 1\nfi\n# This output is used by Xcode 'outputs' to avoid re-running this script phase.\necho \"SUCCESS\" > \"${SCRIPT_OUTPUT_FILE_0}\"\n";
			showEnvVarsInLog = 0;
		};
/* End PBXShellScriptBuildPhase section */

/* Begin PBXSourcesBuildPhase section */
		430469EF208E2C1B0005E255 /* Sources */ = {
			isa = PBXSourcesBuildPhase;
			buildActionMask = 2147483647;
			files = (
				43046A3D208E2E640005E255 /* Atmosphere.swift in Sources */,
				43378442208E395800912911 /* Constants.swift in Sources */,
				43378451208E4F1700912911 /* WeatherHeaderTableView.swift in Sources */,
				43046A3A208E2E640005E255 /* Weather.swift in Sources */,
				43046A3B208E2E640005E255 /* Condition.swift in Sources */,
				43046A36208E2E640005E255 /* Forecast.swift in Sources */,
				43046A3E208E2E640005E255 /* Item.swift in Sources */,
				43046A38208E2E640005E255 /* Units.swift in Sources */,
				4337844C208E46D200912911 /* RealmHelper.swift in Sources */,
				43046A3F208E2E640005E255 /* Astronomy.swift in Sources */,
				43378440208E390900912911 /* MDSUtilities.swift in Sources */,
				43046A41208E2E640005E255 /* Location.swift in Sources */,
				4337843E208E384900912911 /* APIHelper.swift in Sources */,
				43046A40208E2E640005E255 /* Channel.swift in Sources */,
				43378445208E3CB900912911 /* WeatherCell.swift in Sources */,
				43378448208E3FE800912911 /* WeatherRealm.swift in Sources */,
				43046A37208E2E640005E255 /* Wind.swift in Sources */,
				43046A39208E2E640005E255 /* ResultsWeather.swift in Sources */,
				430469F9208E2C1B0005E255 /* ViewController.swift in Sources */,
				43046A35208E2E640005E255 /* Query.swift in Sources */,
				430469F7208E2C1B0005E255 /* AppDelegate.swift in Sources */,
				43046A42208E2E640005E255 /* Guid.swift in Sources */,
				43046A3C208E2E640005E255 /* Image.swift in Sources */,
			);
			runOnlyForDeploymentPostprocessing = 0;
		};
		43046A03208E2C1B0005E255 /* Sources */ = {
			isa = PBXSourcesBuildPhase;
			buildActionMask = 2147483647;
			files = (
				43046A0C208E2C1B0005E255 /* SingaporeWeatherAppTests.swift in Sources */,
			);
			runOnlyForDeploymentPostprocessing = 0;
		};
		43046A0E208E2C1B0005E255 /* Sources */ = {
			isa = PBXSourcesBuildPhase;
			buildActionMask = 2147483647;
			files = (
				43046A17208E2C1B0005E255 /* SingaporeWeatherAppUITests.swift in Sources */,
			);
			runOnlyForDeploymentPostprocessing = 0;
		};
/* End PBXSourcesBuildPhase section */

/* Begin PBXTargetDependency section */
		43046A09208E2C1B0005E255 /* PBXTargetDependency */ = {
			isa = PBXTargetDependency;
			target = 430469F2208E2C1B0005E255 /* SingaporeWeatherApp */;
			targetProxy = 43046A08208E2C1B0005E255 /* PBXContainerItemProxy */;
		};
		43046A14208E2C1B0005E255 /* PBXTargetDependency */ = {
			isa = PBXTargetDependency;
			target = 430469F2208E2C1B0005E255 /* SingaporeWeatherApp */;
			targetProxy = 43046A13208E2C1B0005E255 /* PBXContainerItemProxy */;
		};
/* End PBXTargetDependency section */

/* Begin PBXVariantGroup section */
		430469FA208E2C1B0005E255 /* Main.storyboard */ = {
			isa = PBXVariantGroup;
			children = (
				430469FB208E2C1B0005E255 /* Base */,
			);
			name = Main.storyboard;
			sourceTree = "<group>";
		};
		430469FF208E2C1B0005E255 /* LaunchScreen.storyboard */ = {
			isa = PBXVariantGroup;
			children = (
				43046A00208E2C1B0005E255 /* Base */,
			);
			name = LaunchScreen.storyboard;
			sourceTree = "<group>";
		};
/* End PBXVariantGroup section */

/* Begin XCBuildConfiguration section */
		43046A19208E2C1B0005E255 /* Debug */ = {
			isa = XCBuildConfiguration;
			buildSettings = {
				ALWAYS_SEARCH_USER_PATHS = NO;
				CLANG_ANALYZER_NONNULL = YES;
				CLANG_ANALYZER_NUMBER_OBJECT_CONVERSION = YES_AGGRESSIVE;
				CLANG_CXX_LANGUAGE_STANDARD = "gnu++14";
				CLANG_CXX_LIBRARY = "libc++";
				CLANG_ENABLE_MODULES = YES;
				CLANG_ENABLE_OBJC_ARC = YES;
				CLANG_WARN_BLOCK_CAPTURE_AUTORELEASING = YES;
				CLANG_WARN_BOOL_CONVERSION = YES;
				CLANG_WARN_COMMA = YES;
				CLANG_WARN_CONSTANT_CONVERSION = YES;
				CLANG_WARN_DIRECT_OBJC_ISA_USAGE = YES_ERROR;
				CLANG_WARN_DOCUMENTATION_COMMENTS = YES;
				CLANG_WARN_EMPTY_BODY = YES;
				CLANG_WARN_ENUM_CONVERSION = YES;
				CLANG_WARN_INFINITE_RECURSION = YES;
				CLANG_WARN_INT_CONVERSION = YES;
				CLANG_WARN_NON_LITERAL_NULL_CONVERSION = YES;
				CLANG_WARN_OBJC_LITERAL_CONVERSION = YES;
				CLANG_WARN_OBJC_ROOT_CLASS = YES_ERROR;
				CLANG_WARN_RANGE_LOOP_ANALYSIS = YES;
				CLANG_WARN_STRICT_PROTOTYPES = YES;
				CLANG_WARN_SUSPICIOUS_MOVE = YES;
				CLANG_WARN_UNGUARDED_AVAILABILITY = YES_AGGRESSIVE;
				CLANG_WARN_UNREACHABLE_CODE = YES;
				CLANG_WARN__DUPLICATE_METHOD_MATCH = YES;
				CODE_SIGN_IDENTITY = "iPhone Developer";
				COPY_PHASE_STRIP = NO;
				DEBUG_INFORMATION_FORMAT = dwarf;
				ENABLE_STRICT_OBJC_MSGSEND = YES;
				ENABLE_TESTABILITY = YES;
				GCC_C_LANGUAGE_STANDARD = gnu11;
				GCC_DYNAMIC_NO_PIC = NO;
				GCC_NO_COMMON_BLOCKS = YES;
				GCC_OPTIMIZATION_LEVEL = 0;
				GCC_PREPROCESSOR_DEFINITIONS = (
					"DEBUG=1",
					"$(inherited)",
				);
				GCC_WARN_64_TO_32_BIT_CONVERSION = YES;
				GCC_WARN_ABOUT_RETURN_TYPE = YES_ERROR;
				GCC_WARN_UNDECLARED_SELECTOR = YES;
				GCC_WARN_UNINITIALIZED_AUTOS = YES_AGGRESSIVE;
				GCC_WARN_UNUSED_FUNCTION = YES;
				GCC_WARN_UNUSED_VARIABLE = YES;
				IPHONEOS_DEPLOYMENT_TARGET = 11.1;
				MTL_ENABLE_DEBUG_INFO = YES;
				ONLY_ACTIVE_ARCH = YES;
				SDKROOT = iphoneos;
				SWIFT_ACTIVE_COMPILATION_CONDITIONS = DEBUG;
				SWIFT_OPTIMIZATION_LEVEL = "-Onone";
			};
			name = Debug;
		};
		43046A1A208E2C1B0005E255 /* Release */ = {
			isa = XCBuildConfiguration;
			buildSettings = {
				ALWAYS_SEARCH_USER_PATHS = NO;
				CLANG_ANALYZER_NONNULL = YES;
				CLANG_ANALYZER_NUMBER_OBJECT_CONVERSION = YES_AGGRESSIVE;
				CLANG_CXX_LANGUAGE_STANDARD = "gnu++14";
				CLANG_CXX_LIBRARY = "libc++";
				CLANG_ENABLE_MODULES = YES;
				CLANG_ENABLE_OBJC_ARC = YES;
				CLANG_WARN_BLOCK_CAPTURE_AUTORELEASING = YES;
				CLANG_WARN_BOOL_CONVERSION = YES;
				CLANG_WARN_COMMA = YES;
				CLANG_WARN_CONSTANT_CONVERSION = YES;
				CLANG_WARN_DIRECT_OBJC_ISA_USAGE = YES_ERROR;
				CLANG_WARN_DOCUMENTATION_COMMENTS = YES;
				CLANG_WARN_EMPTY_BODY = YES;
				CLANG_WARN_ENUM_CONVERSION = YES;
				CLANG_WARN_INFINITE_RECURSION = YES;
				CLANG_WARN_INT_CONVERSION = YES;
				CLANG_WARN_NON_LITERAL_NULL_CONVERSION = YES;
				CLANG_WARN_OBJC_LITERAL_CONVERSION = YES;
				CLANG_WARN_OBJC_ROOT_CLASS = YES_ERROR;
				CLANG_WARN_RANGE_LOOP_ANALYSIS = YES;
				CLANG_WARN_STRICT_PROTOTYPES = YES;
				CLANG_WARN_SUSPICIOUS_MOVE = YES;
				CLANG_WARN_UNGUARDED_AVAILABILITY = YES_AGGRESSIVE;
				CLANG_WARN_UNREACHABLE_CODE = YES;
				CLANG_WARN__DUPLICATE_METHOD_MATCH = YES;
				CODE_SIGN_IDENTITY = "iPhone Developer";
				COPY_PHASE_STRIP = NO;
				DEBUG_INFORMATION_FORMAT = "dwarf-with-dsym";
				ENABLE_NS_ASSERTIONS = NO;
				ENABLE_STRICT_OBJC_MSGSEND = YES;
				GCC_C_LANGUAGE_STANDARD = gnu11;
				GCC_NO_COMMON_BLOCKS = YES;
				GCC_WARN_64_TO_32_BIT_CONVERSION = YES;
				GCC_WARN_ABOUT_RETURN_TYPE = YES_ERROR;
				GCC_WARN_UNDECLARED_SELECTOR = YES;
				GCC_WARN_UNINITIALIZED_AUTOS = YES_AGGRESSIVE;
				GCC_WARN_UNUSED_FUNCTION = YES;
				GCC_WARN_UNUSED_VARIABLE = YES;
				IPHONEOS_DEPLOYMENT_TARGET = 11.1;
				MTL_ENABLE_DEBUG_INFO = NO;
				SDKROOT = iphoneos;
				SWIFT_OPTIMIZATION_LEVEL = "-Owholemodule";
				VALIDATE_PRODUCT = YES;
			};
			name = Release;
		};
		43046A1C208E2C1B0005E255 /* Debug */ = {
			isa = XCBuildConfiguration;
			baseConfigurationReference = BEBB47A7502A95A65CFA02AA /* Pods-SingaporeWeatherApp.debug.xcconfig */;
			buildSettings = {
				ASSETCATALOG_COMPILER_APPICON_NAME = AppIcon;
				CODE_SIGN_STYLE = Automatic;
				DEVELOPMENT_TEAM = S74RH92RM6;
				INFOPLIST_FILE = "$(SRCROOT)/SingaporeWeatherApp/Misc/Info.plist";
				LD_RUNPATH_SEARCH_PATHS = "$(inherited) @executable_path/Frameworks";
				PRODUCT_BUNDLE_IDENTIFIER = com.hizamirashid.SingaporeWeatherApp;
				PRODUCT_NAME = "$(TARGET_NAME)";
				SWIFT_VERSION = 4.0;
				TARGETED_DEVICE_FAMILY = "1,2";
			};
			name = Debug;
		};
		43046A1D208E2C1B0005E255 /* Release */ = {
			isa = XCBuildConfiguration;
			baseConfigurationReference = A40380D51F3800477921CF4E /* Pods-SingaporeWeatherApp.release.xcconfig */;
			buildSettings = {
				ASSETCATALOG_COMPILER_APPICON_NAME = AppIcon;
				CODE_SIGN_STYLE = Automatic;
				DEVELOPMENT_TEAM = S74RH92RM6;
				INFOPLIST_FILE = "$(SRCROOT)/SingaporeWeatherApp/Misc/Info.plist";
				LD_RUNPATH_SEARCH_PATHS = "$(inherited) @executable_path/Frameworks";
				PRODUCT_BUNDLE_IDENTIFIER = com.hizamirashid.SingaporeWeatherApp;
				PRODUCT_NAME = "$(TARGET_NAME)";
				SWIFT_VERSION = 4.0;
				TARGETED_DEVICE_FAMILY = "1,2";
			};
			name = Release;
		};
		43046A1F208E2C1B0005E255 /* Debug */ = {
			isa = XCBuildConfiguration;
			baseConfigurationReference = E5F0A4BE428B8EC3C8DA224B /* Pods-SingaporeWeatherAppTests.debug.xcconfig */;
			buildSettings = {
				ALWAYS_EMBED_SWIFT_STANDARD_LIBRARIES = YES;
				BUNDLE_LOADER = "$(TEST_HOST)";
				CODE_SIGN_STYLE = Automatic;
				DEVELOPMENT_TEAM = S74RH92RM6;
				INFOPLIST_FILE = SingaporeWeatherAppTests/Info.plist;
				LD_RUNPATH_SEARCH_PATHS = "$(inherited) @executable_path/Frameworks @loader_path/Frameworks";
				PRODUCT_BUNDLE_IDENTIFIER = com.hizamirashid.SingaporeWeatherAppTests;
				PRODUCT_NAME = "$(TARGET_NAME)";
				SWIFT_VERSION = 4.0;
				TARGETED_DEVICE_FAMILY = "1,2";
				TEST_HOST = "$(BUILT_PRODUCTS_DIR)/SingaporeWeatherApp.app/SingaporeWeatherApp";
			};
			name = Debug;
		};
		43046A20208E2C1B0005E255 /* Release */ = {
			isa = XCBuildConfiguration;
			baseConfigurationReference = CDFD788138E0C72694E7B4B8 /* Pods-SingaporeWeatherAppTests.release.xcconfig */;
			buildSettings = {
				ALWAYS_EMBED_SWIFT_STANDARD_LIBRARIES = YES;
				BUNDLE_LOADER = "$(TEST_HOST)";
				CODE_SIGN_STYLE = Automatic;
				DEVELOPMENT_TEAM = S74RH92RM6;
				INFOPLIST_FILE = SingaporeWeatherAppTests/Info.plist;
				LD_RUNPATH_SEARCH_PATHS = "$(inherited) @executable_path/Frameworks @loader_path/Frameworks";
				PRODUCT_BUNDLE_IDENTIFIER = com.hizamirashid.SingaporeWeatherAppTests;
				PRODUCT_NAME = "$(TARGET_NAME)";
				SWIFT_VERSION = 4.0;
				TARGETED_DEVICE_FAMILY = "1,2";
				TEST_HOST = "$(BUILT_PRODUCTS_DIR)/SingaporeWeatherApp.app/SingaporeWeatherApp";
			};
			name = Release;
		};
		43046A22208E2C1B0005E255 /* Debug */ = {
			isa = XCBuildConfiguration;
			baseConfigurationReference = BFCB109B6710C13912CB489C /* Pods-SingaporeWeatherAppUITests.debug.xcconfig */;
			buildSettings = {
				ALWAYS_EMBED_SWIFT_STANDARD_LIBRARIES = YES;
				CODE_SIGN_STYLE = Automatic;
				DEVELOPMENT_TEAM = S74RH92RM6;
				INFOPLIST_FILE = SingaporeWeatherAppUITests/Info.plist;
				LD_RUNPATH_SEARCH_PATHS = "$(inherited) @executable_path/Frameworks @loader_path/Frameworks";
				PRODUCT_BUNDLE_IDENTIFIER = com.hizamirashid.SingaporeWeatherAppUITests;
				PRODUCT_NAME = "$(TARGET_NAME)";
				SWIFT_VERSION = 4.0;
				TARGETED_DEVICE_FAMILY = "1,2";
				TEST_TARGET_NAME = SingaporeWeatherApp;
			};
			name = Debug;
		};
		43046A23208E2C1B0005E255 /* Release */ = {
			isa = XCBuildConfiguration;
			baseConfigurationReference = 055D74571BD9A3943F4DAD3F /* Pods-SingaporeWeatherAppUITests.release.xcconfig */;
			buildSettings = {
				ALWAYS_EMBED_SWIFT_STANDARD_LIBRARIES = YES;
				CODE_SIGN_STYLE = Automatic;
				DEVELOPMENT_TEAM = S74RH92RM6;
				INFOPLIST_FILE = SingaporeWeatherAppUITests/Info.plist;
				LD_RUNPATH_SEARCH_PATHS = "$(inherited) @executable_path/Frameworks @loader_path/Frameworks";
				PRODUCT_BUNDLE_IDENTIFIER = com.hizamirashid.SingaporeWeatherAppUITests;
				PRODUCT_NAME = "$(TARGET_NAME)";
				SWIFT_VERSION = 4.0;
				TARGETED_DEVICE_FAMILY = "1,2";
				TEST_TARGET_NAME = SingaporeWeatherApp;
			};
			name = Release;
		};
/* End XCBuildConfiguration section */

/* Begin XCConfigurationList section */
		430469EE208E2C1B0005E255 /* Build configuration list for PBXProject "SingaporeWeatherApp" */ = {
			isa = XCConfigurationList;
			buildConfigurations = (
				43046A19208E2C1B0005E255 /* Debug */,
				43046A1A208E2C1B0005E255 /* Release */,
			);
			defaultConfigurationIsVisible = 0;
			defaultConfigurationName = Release;
		};
		43046A1B208E2C1B0005E255 /* Build configuration list for PBXNativeTarget "SingaporeWeatherApp" */ = {
			isa = XCConfigurationList;
			buildConfigurations = (
				43046A1C208E2C1B0005E255 /* Debug */,
				43046A1D208E2C1B0005E255 /* Release */,
			);
			defaultConfigurationIsVisible = 0;
			defaultConfigurationName = Release;
		};
		43046A1E208E2C1B0005E255 /* Build configuration list for PBXNativeTarget "SingaporeWeatherAppTests" */ = {
			isa = XCConfigurationList;
			buildConfigurations = (
				43046A1F208E2C1B0005E255 /* Debug */,
				43046A20208E2C1B0005E255 /* Release */,
			);
			defaultConfigurationIsVisible = 0;
			defaultConfigurationName = Release;
		};
		43046A21208E2C1B0005E255 /* Build configuration list for PBXNativeTarget "SingaporeWeatherAppUITests" */ = {
			isa = XCConfigurationList;
			buildConfigurations = (
				43046A22208E2C1B0005E255 /* Debug */,
				43046A23208E2C1B0005E255 /* Release */,
			);
			defaultConfigurationIsVisible = 0;
			defaultConfigurationName = Release;
		};
/* End XCConfigurationList section */
	};
	rootObject = 430469EB208E2C1B0005E255 /* Project object */;
}
